
Microsoft Visual Studio Solution File, Format Version 12.00
# Visual Studio Version 17
VisualStudioVersion = 17.6.33801.468
MinimumVisualStudioVersion = 10.0.40219.1
Project("{9A19103F-16F7-4668-BE54-9A1E7A4F7556}") = "University", "University.csproj", "{2506207B-69D4-48B9-A044-76596C743F69}"
EndProject
Global
	GlobalSection(SolutionConfigurationPlatforms) = preSolution
		Debug|Any CPU = Debug|Any CPU
		Release|Any CPU = Release|Any CPU
	EndGlobalSection
	GlobalSection(ProjectConfigurationPlatforms) = postSolution
		{2506207B-69D4-48B9-A044-76596C743F69}.Debug|Any CPU.ActiveCfg = Debug|Any CPU
		{2506207B-69D4-48B9-A044-76596C743F69}.Debug|Any CPU.Build.0 = Debug|Any CPU
		{2506207B-69D4-48B9-A044-76596C743F69}.Release|Any CPU.ActiveCfg = Release|Any CPU
		{2506207B-69D4-48B9-A044-76596C743F69}.Release|Any CPU.Build.0 = Release|Any CPU
	EndGlobalSection
	GlobalSection(SolutionProperties) = preSolution
		HideSolutionNode = FALSE
	EndGlobalSection
	GlobalSection(ExtensibilityGlobals) = postSolution
		SolutionGuid = {A5A60032-225D-4432-8735-E65C4C376F99}
	EndGlobalSection
EndGlobal
